// !$*UTF8*$!
{
	archiveVersion = 1;
	classes = {
	};
	objectVersion = 56;
	objects = {

/* Begin PBXBuildFile section */
		3B8C6C9929E01B4D00C5E25C /* todo_testApp.swift in Sources */ = {isa = PBXBuildFile; fileRef = 3B8C6C9829E01B4D00C5E25C /* todo_testApp.swift */; };
		3B8C6C9B29E01B4D00C5E25C /* ContentView.swift in Sources */ = {isa = PBXBuildFile; fileRef = 3B8C6C9A29E01B4D00C5E25C /* ContentView.swift */; };
		3B8C6C9D29E01B4F00C5E25C /* Assets.xcassets in Resources */ = {isa = PBXBuildFile; fileRef = 3B8C6C9C29E01B4F00C5E25C /* Assets.xcassets */; };
		3B8C6CA029E01B4F00C5E25C /* Preview Assets.xcassets in Resources */ = {isa = PBXBuildFile; fileRef = 3B8C6C9F29E01B4F00C5E25C /* Preview Assets.xcassets */; };
		3B8C6CAD29E01E6700C5E25C /* WidgetKit.framework in Frameworks */ = {isa = PBXBuildFile; fileRef = 3B8C6CAC29E01E6700C5E25C /* WidgetKit.framework */; };
		3B8C6CAF29E01E6700C5E25C /* SwiftUI.framework in Frameworks */ = {isa = PBXBuildFile; fileRef = 3B8C6CAE29E01E6700C5E25C /* SwiftUI.framework */; };
		3B8C6CB229E01E6700C5E25C /* widgettestBundle.swift in Sources */ = {isa = PBXBuildFile; fileRef = 3B8C6CB129E01E6700C5E25C /* widgettestBundle.swift */; };
		3B8C6CB429E01E6700C5E25C /* widgettest.swift in Sources */ = {isa = PBXBuildFile; fileRef = 3B8C6CB329E01E6700C5E25C /* widgettest.swift */; };
		3B8C6CB629E01E6800C5E25C /* Assets.xcassets in Resources */ = {isa = PBXBuildFile; fileRef = 3B8C6CB529E01E6800C5E25C /* Assets.xcassets */; };
		3B8C6CBA29E01E6800C5E25C /* widgettestExtension.appex in Embed Foundation Extensions */ = {isa = PBXBuildFile; fileRef = 3B8C6CAA29E01E6700C5E25C /* widgettestExtension.appex */; settings = {ATTRIBUTES = (RemoveHeadersOnCopy, ); }; };
/* End PBXBuildFile section */

/* Begin PBXContainerItemProxy section */
		3B8C6CB829E01E6800C5E25C /* PBXContainerItemProxy */ = {
			isa = PBXContainerItemProxy;
			containerPortal = 3B8C6C8D29E01B4D00C5E25C /* Project object */;
			proxyType = 1;
			remoteGlobalIDString = 3B8C6CA929E01E6700C5E25C;
			remoteInfo = widgettestExtension;
		};
/* End PBXContainerItemProxy section */

/* Begin PBXCopyFilesBuildPhase section */
		3B8C6CBE29E01E6800C5E25C /* Embed Foundation Extensions */ = {
			isa = PBXCopyFilesBuildPhase;
			buildActionMask = 2147483647;
			dstPath = "";
			dstSubfolderSpec = 13;
			files = (
				3B8C6CBA29E01E6800C5E25C /* widgettestExtension.appex in Embed Foundation Extensions */,
			);
			name = "Embed Foundation Extensions";
			runOnlyForDeploymentPostprocessing = 0;
		};
/* End PBXCopyFilesBuildPhase section */

/* Begin PBXFileReference section */
		3B8C6C9529E01B4D00C5E25C /* todo test.app */ = {isa = PBXFileReference; explicitFileType = wrapper.application; includeInIndex = 0; path = "todo test.app"; sourceTree = BUILT_PRODUCTS_DIR; };
		3B8C6C9829E01B4D00C5E25C /* todo_testApp.swift */ = {isa = PBXFileReference; lastKnownFileType = sourcecode.swift; path = todo_testApp.swift; sourceTree = "<group>"; };
		3B8C6C9A29E01B4D00C5E25C /* ContentView.swift */ = {isa = PBXFileReference; lastKnownFileType = sourcecode.swift; path = ContentView.swift; sourceTree = "<group>"; };
		3B8C6C9C29E01B4F00C5E25C /* Assets.xcassets */ = {isa = PBXFileReference; lastKnownFileType = folder.assetcatalog; path = Assets.xcassets; sourceTree = "<group>"; };
		3B8C6C9F29E01B4F00C5E25C /* Preview Assets.xcassets */ = {isa = PBXFileReference; lastKnownFileType = folder.assetcatalog; path = "Preview Assets.xcassets"; sourceTree = "<group>"; };
		3B8C6CAA29E01E6700C5E25C /* widgettestExtension.appex */ = {isa = PBXFileReference; explicitFileType = "wrapper.app-extension"; includeInIndex = 0; path = widgettestExtension.appex; sourceTree = BUILT_PRODUCTS_DIR; };
		3B8C6CAC29E01E6700C5E25C /* WidgetKit.framework */ = {isa = PBXFileReference; lastKnownFileType = wrapper.framework; name = WidgetKit.framework; path = System/Library/Frameworks/WidgetKit.framework; sourceTree = SDKROOT; };
		3B8C6CAE29E01E6700C5E25C /* SwiftUI.framework */ = {isa = PBXFileReference; lastKnownFileType = wrapper.framework; name = SwiftUI.framework; path = System/Library/Frameworks/SwiftUI.framework; sourceTree = SDKROOT; };
		3B8C6CB129E01E6700C5E25C /* widgettestBundle.swift */ = {isa = PBXFileReference; lastKnownFileType = sourcecode.swift; path = widgettestBundle.swift; sourceTree = "<group>"; };
		3B8C6CB329E01E6700C5E25C /* widgettest.swift */ = {isa = PBXFileReference; lastKnownFileType = sourcecode.swift; path = widgettest.swift; sourceTree = "<group>"; };
		3B8C6CB529E01E6800C5E25C /* Assets.xcassets */ = {isa = PBXFileReference; lastKnownFileType = folder.assetcatalog; path = Assets.xcassets; sourceTree = "<group>"; };
		3B8C6CB729E01E6800C5E25C /* Info.plist */ = {isa = PBXFileReference; lastKnownFileType = text.plist.xml; path = Info.plist; sourceTree = "<group>"; };
		3B8C6CBF29E01E9000C5E25C /* todo test.entitlements */ = {isa = PBXFileReference; lastKnownFileType = text.plist.entitlements; path = "todo test.entitlements"; sourceTree = "<group>"; };
		3B8C6CC029E01EBE00C5E25C /* widgettestExtension.entitlements */ = {isa = PBXFileReference; lastKnownFileType = text.plist.entitlements; path = widgettestExtension.entitlements; sourceTree = "<group>"; };
/* End PBXFileReference section */

/* Begin PBXFrameworksBuildPhase section */
		3B8C6C9229E01B4D00C5E25C /* Frameworks */ = {
			isa = PBXFrameworksBuildPhase;
			buildActionMask = 2147483647;
			files = (
			);
			runOnlyForDeploymentPostprocessing = 0;
		};
		3B8C6CA729E01E6700C5E25C /* Frameworks */ = {
			isa = PBXFrameworksBuildPhase;
			buildActionMask = 2147483647;
			files = (
				3B8C6CAF29E01E6700C5E25C /* SwiftUI.framework in Frameworks */,
				3B8C6CAD29E01E6700C5E25C /* WidgetKit.framework in Frameworks */,
			);
			runOnlyForDeploymentPostprocessing = 0;
		};
/* End PBXFrameworksBuildPhase section */

/* Begin PBXGroup section */
		3B8C6C8C29E01B4D00C5E25C = {
			isa = PBXGroup;
			children = (
				3B8C6CC029E01EBE00C5E25C /* widgettestExtension.entitlements */,
				3B8C6C9729E01B4D00C5E25C /* todo test */,
				3B8C6CB029E01E6700C5E25C /* widgettest */,
				3B8C6CAB29E01E6700C5E25C /* Frameworks */,
				3B8C6C9629E01B4D00C5E25C /* Products */,
			);
			sourceTree = "<group>";
		};
		3B8C6C9629E01B4D00C5E25C /* Products */ = {
			isa = PBXGroup;
			children = (
				3B8C6C9529E01B4D00C5E25C /* todo test.app */,
				3B8C6CAA29E01E6700C5E25C /* widgettestExtension.appex */,
			);
			name = Products;
			sourceTree = "<group>";
		};
		3B8C6C9729E01B4D00C5E25C /* todo test */ = {
			isa = PBXGroup;
			children = (
				3B8C6CBF29E01E9000C5E25C /* todo test.entitlements */,
				3B8C6C9829E01B4D00C5E25C /* todo_testApp.swift */,
				3B8C6C9A29E01B4D00C5E25C /* ContentView.swift */,
				3B8C6C9C29E01B4F00C5E25C /* Assets.xcassets */,
				3B8C6C9E29E01B4F00C5E25C /* Preview Content */,
			);
			path = "todo test";
			sourceTree = "<group>";
		};
		3B8C6C9E29E01B4F00C5E25C /* Preview Content */ = {
			isa = PBXGroup;
			children = (
				3B8C6C9F29E01B4F00C5E25C /* Preview Assets.xcassets */,
			);
			path = "Preview Content";
			sourceTree = "<group>";
		};
		3B8C6CAB29E01E6700C5E25C /* Frameworks */ = {
			isa = PBXGroup;
			children = (
				3B8C6CAC29E01E6700C5E25C /* WidgetKit.framework */,
				3B8C6CAE29E01E6700C5E25C /* SwiftUI.framework */,
			);
			name = Frameworks;
			sourceTree = "<group>";
		};
		3B8C6CB029E01E6700C5E25C /* widgettest */ = {
			isa = PBXGroup;
			children = (
				3B8C6CB129E01E6700C5E25C /* widgettestBundle.swift */,
				3B8C6CB329E01E6700C5E25C /* widgettest.swift */,
				3B8C6CB529E01E6800C5E25C /* Assets.xcassets */,
				3B8C6CB729E01E6800C5E25C /* Info.plist */,
			);
			path = widgettest;
			sourceTree = "<group>";
		};
/* End PBXGroup section */

/* Begin PBXNativeTarget section */
		3B8C6C9429E01B4D00C5E25C /* todo test */ = {
			isa = PBXNativeTarget;
			buildConfigurationList = 3B8C6CA329E01B4F00C5E25C /* Build configuration list for PBXNativeTarget "todo test" */;
			buildPhases = (
				3B8C6C9129E01B4D00C5E25C /* Sources */,
				3B8C6C9229E01B4D00C5E25C /* Frameworks */,
				3B8C6C9329E01B4D00C5E25C /* Resources */,
				3B8C6CBE29E01E6800C5E25C /* Embed Foundation Extensions */,
			);
			buildRules = (
			);
			dependencies = (
				3B8C6CB929E01E6800C5E25C /* PBXTargetDependency */,
			);
			name = "todo test";
			productName = "todo test";
			productReference = 3B8C6C9529E01B4D00C5E25C /* todo test.app */;
			productType = "com.apple.product-type.application";
		};
		3B8C6CA929E01E6700C5E25C /* widgettestExtension */ = {
			isa = PBXNativeTarget;
			buildConfigurationList = 3B8C6CBB29E01E6800C5E25C /* Build configuration list for PBXNativeTarget "widgettestExtension" */;
			buildPhases = (
				3B8C6CA629E01E6700C5E25C /* Sources */,
				3B8C6CA729E01E6700C5E25C /* Frameworks */,
				3B8C6CA829E01E6700C5E25C /* Resources */,
			);
			buildRules = (
			);
			dependencies = (
			);
			name = widgettestExtension;
			productName = widgettestExtension;
			productReference = 3B8C6CAA29E01E6700C5E25C /* widgettestExtension.appex */;
			productType = "com.apple.product-type.app-extension";
		};
/* End PBXNativeTarget section */

/* Begin PBXProject section */
		3B8C6C8D29E01B4D00C5E25C /* Project object */ = {
			isa = PBXProject;
			attributes = {
				BuildIndependentTargetsInParallel = 1;
				LastSwiftUpdateCheck = 1430;
				LastUpgradeCheck = 1430;
				TargetAttributes = {
					3B8C6C9429E01B4D00C5E25C = {
						CreatedOnToolsVersion = 14.3;
					};
					3B8C6CA929E01E6700C5E25C = {
						CreatedOnToolsVersion = 14.3;
					};
				};
			};
			buildConfigurationList = 3B8C6C9029E01B4D00C5E25C /* Build configuration list for PBXProject "todo test" */;
			compatibilityVersion = "Xcode 14.0";
			developmentRegion = en;
			hasScannedForEncodings = 0;
			knownRegions = (
				en,
				Base,
			);
			mainGroup = 3B8C6C8C29E01B4D00C5E25C;
			productRefGroup = 3B8C6C9629E01B4D00C5E25C /* Products */;
			projectDirPath = "";
			projectRoot = "";
			targets = (
				3B8C6C9429E01B4D00C5E25C /* todo test */,
				3B8C6CA929E01E6700C5E25C /* widgettestExtension */,
			);
		};
/* End PBXProject section */

/* Begin PBXResourcesBuildPhase section */
		3B8C6C9329E01B4D00C5E25C /* Resources */ = {
			isa = PBXResourcesBuildPhase;
			buildActionMask = 2147483647;
			files = (
				3B8C6CA029E01B4F00C5E25C /* Preview Assets.xcassets in Resources */,
				3B8C6C9D29E01B4F00C5E25C /* Assets.xcassets in Resources */,
			);
			runOnlyForDeploymentPostprocessing = 0;
		};
		3B8C6CA829E01E6700C5E25C /* Resources */ = {
			isa = PBXResourcesBuildPhase;
			buildActionMask = 2147483647;
			files = (
				3B8C6CB629E01E6800C5E25C /* Assets.xcassets in Resources */,
			);
			runOnlyForDeploymentPostprocessing = 0;
		};
/* End PBXResourcesBuildPhase section */

/* Begin PBXSourcesBuildPhase section */
		3B8C6C9129E01B4D00C5E25C /* Sources */ = {
			isa = PBXSourcesBuildPhase;
			buildActionMask = 2147483647;
			files = (
				3B8C6C9B29E01B4D00C5E25C /* ContentView.swift in Sources */,
				3B8C6C9929E01B4D00C5E25C /* todo_testApp.swift in Sources */,
			);
			runOnlyForDeploymentPostprocessing = 0;
		};
		3B8C6CA629E01E6700C5E25C /* Sources */ = {
			isa = PBXSourcesBuildPhase;
			buildActionMask = 2147483647;
			files = (
				3B8C6CB229E01E6700C5E25C /* widgettestBundle.swift in Sources */,
				3B8C6CB429E01E6700C5E25C /* widgettest.swift in Sources */,
			);
			runOnlyForDeploymentPostprocessing = 0;
		};
/* End PBXSourcesBuildPhase section */

/* Begin PBXTargetDependency section */
		3B8C6CB929E01E6800C5E25C /* PBXTargetDependency */ = {
			isa = PBXTargetDependency;
			target = 3B8C6CA929E01E6700C5E25C /* widgettestExtension */;
			targetProxy = 3B8C6CB829E01E6800C5E25C /* PBXContainerItemProxy */;
		};
/* End PBXTargetDependency section */

/* Begin XCBuildConfiguration section */
		3B8C6CA129E01B4F00C5E25C /* Debug */ = {
			isa = XCBuildConfiguration;
			buildSettings = {
				ALWAYS_SEARCH_USER_PATHS = NO;
				CLANG_ANALYZER_NONNULL = YES;
				CLANG_ANALYZER_NUMBER_OBJECT_CONVERSION = YES_AGGRESSIVE;
				CLANG_CXX_LANGUAGE_STANDARD = "gnu++20";
				CLANG_ENABLE_MODULES = YES;
				CLANG_ENABLE_OBJC_ARC = YES;
				CLANG_ENABLE_OBJC_WEAK = YES;
				CLANG_WARN_BLOCK_CAPTURE_AUTORELEASING = YES;
				CLANG_WARN_BOOL_CONVERSION = YES;
				CLANG_WARN_COMMA = YES;
				CLANG_WARN_CONSTANT_CONVERSION = YES;
				CLANG_WARN_DEPRECATED_OBJC_IMPLEMENTATIONS = YES;
				CLANG_WARN_DIRECT_OBJC_ISA_USAGE = YES_ERROR;
				CLANG_WARN_DOCUMENTATION_COMMENTS = YES;
				CLANG_WARN_EMPTY_BODY = YES;
				CLANG_WARN_ENUM_CONVERSION = YES;
				CLANG_WARN_INFINITE_RECURSION = YES;
				CLANG_WARN_INT_CONVERSION = YES;
				CLANG_WARN_NON_LITERAL_NULL_CONVERSION = YES;
				CLANG_WARN_OBJC_IMPLICIT_RETAIN_SELF = YES;
				CLANG_WARN_OBJC_LITERAL_CONVERSION = YES;
				CLANG_WARN_OBJC_ROOT_CLASS = YES_ERROR;
				CLANG_WARN_QUOTED_INCLUDE_IN_FRAMEWORK_HEADER = YES;
				CLANG_WARN_RANGE_LOOP_ANALYSIS = YES;
				CLANG_WARN_STRICT_PROTOTYPES = YES;
				CLANG_WARN_SUSPICIOUS_MOVE = YES;
				CLANG_WARN_UNGUARDED_AVAILABILITY = YES_AGGRESSIVE;
				CLANG_WARN_UNREACHABLE_CODE = YES;
				CLANG_WARN__DUPLICATE_METHOD_MATCH = YES;
				COPY_PHASE_STRIP = NO;
				DEBUG_INFORMATION_FORMAT = dwarf;
				ENABLE_STRICT_OBJC_MSGSEND = YES;
				ENABLE_TESTABILITY = YES;
				GCC_C_LANGUAGE_STANDARD = gnu11;
				GCC_DYNAMIC_NO_PIC = NO;
				GCC_NO_COMMON_BLOCKS = YES;
				GCC_OPTIMIZATION_LEVEL = 0;
				GCC_PREPROCESSOR_DEFINITIONS = (
					"DEBUG=1",
					"$(inherited)",
				);
				GCC_WARN_64_TO_32_BIT_CONVERSION = YES;
				GCC_WARN_ABOUT_RETURN_TYPE = YES_ERROR;
				GCC_WARN_UNDECLARED_SELECTOR = YES;
				GCC_WARN_UNINITIALIZED_AUTOS = YES_AGGRESSIVE;
				GCC_WARN_UNUSED_FUNCTION = YES;
				GCC_WARN_UNUSED_VARIABLE = YES;
				IPHONEOS_DEPLOYMENT_TARGET = 16.4;
				MTL_ENABLE_DEBUG_INFO = INCLUDE_SOURCE;
				MTL_FAST_MATH = YES;
				ONLY_ACTIVE_ARCH = YES;
				SDKROOT = iphoneos;
				SWIFT_ACTIVE_COMPILATION_CONDITIONS = DEBUG;
				SWIFT_OPTIMIZATION_LEVEL = "-Onone";
			};
			name = Debug;
		};
		3B8C6CA229E01B4F00C5E25C /* Release */ = {
			isa = XCBuildConfiguration;
			buildSettings = {
				ALWAYS_SEARCH_USER_PATHS = NO;
				CLANG_ANALYZER_NONNULL = YES;
				CLANG_ANALYZER_NUMBER_OBJECT_CONVERSION = YES_AGGRESSIVE;
				CLANG_CXX_LANGUAGE_STANDARD = "gnu++20";
				CLANG_ENABLE_MODULES = YES;
				CLANG_ENABLE_OBJC_ARC = YES;
				CLANG_ENABLE_OBJC_WEAK = YES;
				CLANG_WARN_BLOCK_CAPTURE_AUTORELEASING = YES;
				CLANG_WARN_BOOL_CONVERSION = YES;
				CLANG_WARN_COMMA = YES;
				CLANG_WARN_CONSTANT_CONVERSION = YES;
				CLANG_WARN_DEPRECATED_OBJC_IMPLEMENTATIONS = YES;
				CLANG_WARN_DIRECT_OBJC_ISA_USAGE = YES_ERROR;
				CLANG_WARN_DOCUMENTATION_COMMENTS = YES;
				CLANG_WARN_EMPTY_BODY = YES;
				CLANG_WARN_ENUM_CONVERSION = YES;
				CLANG_WARN_INFINITE_RECURSION = YES;
				CLANG_WARN_INT_CONVERSION = YES;
				CLANG_WARN_NON_LITERAL_NULL_CONVERSION = YES;
				CLANG_WARN_OBJC_IMPLICIT_RETAIN_SELF = YES;
				CLANG_WARN_OBJC_LITERAL_CONVERSION = YES;
				CLANG_WARN_OBJC_ROOT_CLASS = YES_ERROR;
				CLANG_WARN_QUOTED_INCLUDE_IN_FRAMEWORK_HEADER = YES;
				CLANG_WARN_RANGE_LOOP_ANALYSIS = YES;
				CLANG_WARN_STRICT_PROTOTYPES = YES;
				CLANG_WARN_SUSPICIOUS_MOVE = YES;
				CLANG_WARN_UNGUARDED_AVAILABILITY = YES_AGGRESSIVE;
				CLANG_WARN_UNREACHABLE_CODE = YES;
				CLANG_WARN__DUPLICATE_METHOD_MATCH = YES;
				COPY_PHASE_STRIP = NO;
				DEBUG_INFORMATION_FORMAT = "dwarf-with-dsym";
				ENABLE_NS_ASSERTIONS = NO;
				ENABLE_STRICT_OBJC_MSGSEND = YES;
				GCC_C_LANGUAGE_STANDARD = gnu11;
				GCC_NO_COMMON_BLOCKS = YES;
				GCC_WARN_64_TO_32_BIT_CONVERSION = YES;
				GCC_WARN_ABOUT_RETURN_TYPE = YES_ERROR;
				GCC_WARN_UNDECLARED_SELECTOR = YES;
				GCC_WARN_UNINITIALIZED_AUTOS = YES_AGGRESSIVE;
				GCC_WARN_UNUSED_FUNCTION = YES;
				GCC_WARN_UNUSED_VARIABLE = YES;
				IPHONEOS_DEPLOYMENT_TARGET = 16.4;
				MTL_ENABLE_DEBUG_INFO = NO;
				MTL_FAST_MATH = YES;
				SDKROOT = iphoneos;
				SWIFT_COMPILATION_MODE = wholemodule;
				SWIFT_OPTIMIZATION_LEVEL = "-O";
				VALIDATE_PRODUCT = YES;
			};
			name = Release;
		};
		3B8C6CA429E01B4F00C5E25C /* Debug */ = {
			isa = XCBuildConfiguration;
			buildSettings = {
				ALWAYS_EMBED_SWIFT_STANDARD_LIBRARIES = YES;
				ASSETCATALOG_COMPILER_APPICON_NAME = AppIcon;
				ASSETCATALOG_COMPILER_GLOBAL_ACCENT_COLOR_NAME = AccentColor;
				CODE_SIGN_ENTITLEMENTS = "todo test/todo test.entitlements";
				CODE_SIGN_STYLE = Automatic;
				CURRENT_PROJECT_VERSION = 1;
				DEVELOPMENT_ASSET_PATHS = "\"todo test/Preview Content\"";
				DEVELOPMENT_TEAM = YTKWN25STW;
				ENABLE_PREVIEWS = YES;
				GENERATE_INFOPLIST_FILE = YES;
				INFOPLIST_KEY_UIApplicationSceneManifest_Generation = YES;
				INFOPLIST_KEY_UIApplicationSupportsIndirectInputEvents = YES;
				INFOPLIST_KEY_UILaunchScreen_Generation = YES;
				INFOPLIST_KEY_UISupportedInterfaceOrientations_iPad = "UIInterfaceOrientationPortrait UIInterfaceOrientationPortraitUpsideDown UIInterfaceOrientationLandscapeLeft UIInterfaceOrientationLandscapeRight";
				INFOPLIST_KEY_UISupportedInterfaceOrientations_iPhone = "UIInterfaceOrientationPortrait UIInterfaceOrientationLandscapeLeft UIInterfaceOrientationLandscapeRight";
				IPHONEOS_DEPLOYMENT_TARGET = 16.1;
				LD_RUNPATH_SEARCH_PATHS = (
					"$(inherited)",
					"@executable_path/Frameworks",
				);
				MARKETING_VERSION = 1.0;
				PRODUCT_BUNDLE_IDENTIFIER = "WZX.todo-test";
				PRODUCT_NAME = "$(TARGET_NAME)";
				SWIFT_EMIT_LOC_STRINGS = YES;
				SWIFT_VERSION = 5.0;
				TARGETED_DEVICE_FAMILY = "1,2";
			};
			name = Debug;
		};
		3B8C6CA529E01B4F00C5E25C /* Release */ = {
			isa = XCBuildConfiguration;
			buildSettings = {
				ALWAYS_EMBED_SWIFT_STANDARD_LIBRARIES = YES;
				ASSETCATALOG_COMPILER_APPICON_NAME = AppIcon;
				ASSETCATALOG_COMPILER_GLOBAL_ACCENT_COLOR_NAME = AccentColor;
				CODE_SIGN_ENTITLEMENTS = "todo test/todo test.entitlements";
				CODE_SIGN_STYLE = Automatic;
				CURRENT_PROJECT_VERSION = 1;
				DEVELOPMENT_ASSET_PATHS = "\"todo test/Preview Content\"";
				DEVELOPMENT_TEAM = YTKWN25STW;
				ENABLE_PREVIEWS = YES;
				GENERATE_INFOPLIST_FILE = YES;
				INFOPLIST_KEY_UIApplicationSceneManifest_Generation = YES;
				INFOPLIST_KEY_UIApplicationSupportsIndirectInputEvents = YES;
				INFOPLIST_KEY_UILaunchScreen_Generation = YES;
				INFOPLIST_KEY_UISupportedInterfaceOrientations_iPad = "UIInterfaceOrientationPortrait UIInterfaceOrientationPortraitUpsideDown UIInterfaceOrientationLandscapeLeft UIInterfaceOrientationLandscapeRight";
				INFOPLIST_KEY_UISupportedInterfaceOrientations_iPhone = "UIInterfaceOrientationPortrait UIInterfaceOrientationLandscapeLeft UIInterfaceOrientationLandscapeRight";
				IPHONEOS_DEPLOYMENT_TARGET = 16.1;
				LD_RUNPATH_SEARCH_PATHS = (
					"$(inherited)",
					"@executable_path/Frameworks",
				);
				MARKETING_VERSION = 1.0;
				PRODUCT_BUNDLE_IDENTIFIER = "WZX.todo-test";
				PRODUCT_NAME = "$(TARGET_NAME)";
				SWIFT_EMIT_LOC_STRINGS = YES;
				SWIFT_VERSION = 5.0;
				TARGETED_DEVICE_FAMILY = "1,2";
			};
			name = Release;
		};
		3B8C6CBC29E01E6800C5E25C /* Debug */ = {
			isa = XCBuildConfiguration;
			buildSettings = {
				ASSETCATALOG_COMPILER_GLOBAL_ACCENT_COLOR_NAME = AccentColor;
				ASSETCATALOG_COMPILER_WIDGET_BACKGROUND_COLOR_NAME = WidgetBackground;
				CODE_SIGN_ENTITLEMENTS = widgettestExtension.entitlements;
				CODE_SIGN_STYLE = Automatic;
				CURRENT_PROJECT_VERSION = 1;
				DEVELOPMENT_TEAM = 268488M67M;
				GENERATE_INFOPLIST_FILE = YES;
				INFOPLIST_FILE = widgettest/Info.plist;
				INFOPLIST_KEY_CFBundleDisplayName = widgettest;
				INFOPLIST_KEY_NSHumanReadableCopyright = "";
				LD_RUNPATH_SEARCH_PATHS = (
					"$(inherited)",
					"@executable_path/Frameworks",
					"@executable_path/../../Frameworks",
				);
				MARKETING_VERSION = 1.0;
				PRODUCT_BUNDLE_IDENTIFIER = "WZX.todo-test.widgettest";
				PRODUCT_NAME = "$(TARGET_NAME)";
				SKIP_INSTALL = YES;
				SWIFT_EMIT_LOC_STRINGS = YES;
				SWIFT_VERSION = 5.0;
				TARGETED_DEVICE_FAMILY = "1,2";
			};
			name = Debug;
		};
		3B8C6CBD29E01E6800C5E25C /* Release */ = {
			isa = XCBuildConfiguration;
			buildSettings = {
				ASSETCATALOG_COMPILER_GLOBAL_ACCENT_COLOR_NAME = AccentColor;
				ASSETCATALOG_COMPILER_WIDGET_BACKGROUND_COLOR_NAME = WidgetBackground;
				CODE_SIGN_ENTITLEMENTS = widgettestExtension.entitlements;
				CODE_SIGN_STYLE = Automatic;
				CURRENT_PROJECT_VERSION = 1;
				DEVELOPMENT_TEAM = 268488M67M;
				GENERATE_INFOPLIST_FILE = YES;
				INFOPLIST_FILE = widgettest/Info.plist;
				INFOPLIST_KEY_CFBundleDisplayName = widgettest;
				INFOPLIST_KEY_NSHumanReadableCopyright = "";
				LD_RUNPATH_SEARCH_PATHS = (
					"$(inherited)",
					"@executable_path/Frameworks",
					"@executable_path/../../Frameworks",
				);
				MARKETING_VERSION = 1.0;
				PRODUCT_BUNDLE_IDENTIFIER = "WZX.todo-test.widgettest";
				PRODUCT_NAME = "$(TARGET_NAME)";
				SKIP_INSTALL = YES;
				SWIFT_EMIT_LOC_STRINGS = YES;
				SWIFT_VERSION = 5.0;
				TARGETED_DEVICE_FAMILY = "1,2";
			};
			name = Release;
		};
/* End XCBuildConfiguration section */

/* Begin XCConfigurationList section */
		3B8C6C9029E01B4D00C5E25C /* Build configuration list for PBXProject "todo test" */ = {
			isa = XCConfigurationList;
			buildConfigurations = (
				3B8C6CA129E01B4F00C5E25C /* Debug */,
				3B8C6CA229E01B4F00C5E25C /* Release */,
			);
			defaultConfigurationIsVisible = 0;
			defaultConfigurationName = Release;
		};
		3B8C6CA329E01B4F00C5E25C /* Build configuration list for PBXNativeTarget "todo test" */ = {
			isa = XCConfigurationList;
			buildConfigurations = (
				3B8C6CA429E01B4F00C5E25C /* Debug */,
				3B8C6CA529E01B4F00C5E25C /* Release */,
			);
			defaultConfigurationIsVisible = 0;
			defaultConfigurationName = Release;
		};
		3B8C6CBB29E01E6800C5E25C /* Build configuration list for PBXNativeTarget "widgettestExtension" */ = {
			isa = XCConfigurationList;
			buildConfigurations = (
				3B8C6CBC29E01E6800C5E25C /* Debug */,
				3B8C6CBD29E01E6800C5E25C /* Release */,
			);
			defaultConfigurationIsVisible = 0;
			defaultConfigurationName = Release;
		};
/* End XCConfigurationList section */
	};
	rootObject = 3B8C6C8D29E01B4D00C5E25C /* Project object */;
}
